
Microsoft Visual Studio Solution File, Format Version 12.00
# Visual Studio Version 17
VisualStudioVersion = 17.7.34024.191
MinimumVisualStudioVersion = 10.0.40219.1
Project("{FAE04EC0-301F-11D3-BF4B-00C04F79EFBC}") = "BraidKit", "BraidKit.csproj", "{DA3BE94E-6FC5-4F89-AA82-071B13916AD4}"
EndProject
Global
	GlobalSection(SolutionConfigurationPlatforms) = preSolution
		Debug|Any CPU = Debug|Any CPU
		Release|Any CPU = Release|Any CPU
	EndGlobalSection
	GlobalSection(ProjectConfigurationPlatforms) = postSolution
		{DA3BE94E-6FC5-4F89-AA82-071B13916AD4}.Debug|Any CPU.ActiveCfg = Debug|Any CPU
		{DA3BE94E-6FC5-4F89-AA82-071B13916AD4}.Debug|Any CPU.Build.0 = Debug|Any CPU
		{DA3BE94E-6FC5-4F89-AA82-071B13916AD4}.Release|Any CPU.ActiveCfg = Release|Any CPU
		{DA3BE94E-6FC5-4F89-AA82-071B13916AD4}.Release|Any CPU.Build.0 = Release|Any CPU
	EndGlobalSection
	GlobalSection(SolutionProperties) = preSolution
		HideSolutionNode = FALSE
	EndGlobalSection
	GlobalSection(ExtensibilityGlobals) = postSolution
		SolutionGuid = {1EEBFAE6-3EA3-49F1-9D18-5AAC6C341A90}
	EndGlobalSection
EndGlobal
